
Microsoft Visual Studio Solution File, Format Version 12.00
# Visual Studio 2013
VisualStudioVersion = 12.0.31101.0
MinimumVisualStudioVersion = 10.0.40219.1
Project("{E24C65DC-7377-472B-9ABA-BC803B73C61A}") = "Zeal2015(1)", "http://localhost:57211", "{8A027D03-D17F-4662-AB42-8DCD515F3AA0}"
	ProjectSection(WebsiteProperties) = preProject
		UseIISExpress = "true"
		TargetFrameworkMoniker = ".NETFramework,Version%3Dv4.5"
		Debug.AspNetCompiler.VirtualPath = "/localhost_57211"
		Debug.AspNetCompiler.PhysicalPath = "..\..\..\..\Source\Repos\Zeal2015\"
		Debug.AspNetCompiler.TargetPath = "PrecompiledWeb\localhost_57211\"
		Debug.AspNetCompiler.Updateable = "true"
		Debug.AspNetCompiler.ForceOverwrite = "true"
		Debug.AspNetCompiler.FixedNames = "false"
		Debug.AspNetCompiler.Debug = "True"
		Release.AspNetCompiler.VirtualPath = "/localhost_57211"
		Release.AspNetCompiler.PhysicalPath = "..\..\..\..\Source\Repos\Zeal2015\"
		Release.AspNetCompiler.TargetPath = "PrecompiledWeb\localhost_57211\"
		Release.AspNetCompiler.Updateable = "true"
		Release.AspNetCompiler.ForceOverwrite = "true"
		Release.AspNetCompiler.FixedNames = "false"
		Release.AspNetCompiler.Debug = "False"
		SlnRelativePath = "..\..\..\..\Source\Repos\Zeal2015\"
	EndProjectSection
EndProject
Global
	GlobalSection(SolutionConfigurationPlatforms) = preSolution
		Debug|Any CPU = Debug|Any CPU
	EndGlobalSection
	GlobalSection(ProjectConfigurationPlatforms) = postSolution
		{8A027D03-D17F-4662-AB42-8DCD515F3AA0}.Debug|Any CPU.ActiveCfg = Debug|Any CPU
		{8A027D03-D17F-4662-AB42-8DCD515F3AA0}.Debug|Any CPU.Build.0 = Debug|Any CPU
	EndGlobalSection
	GlobalSection(SolutionProperties) = preSolution
		HideSolutionNode = FALSE
	EndGlobalSection
EndGlobal
